
Microsoft Visual Studio Solution File, Format Version 12.00
# Visual Studio Version 17
VisualStudioVersion = 17.5.002.0
MinimumVisualStudioVersion = 10.0.40219.1
Project("{9A19103F-16F7-4668-BE54-9A1E7A4F7556}") = "GUI", "GUI\GUI.csproj", "{29FFC051-E8F8-4BB0-8497-860BA209F698}"
EndProject
Project("{2150E333-8FDC-42A3-9474-1A3956D46DE8}") = "Resources", "Resources", "{81C09B8B-FDFF-4815-8D84-73C038DFB761}"
	ProjectSection(SolutionItems) = preProject
		Resources\db.json = Resources\db.json
	EndProjectSection
EndProject
Global
	GlobalSection(SolutionConfigurationPlatforms) = preSolution
		Debug|Any CPU = Debug|Any CPU
		Release|Any CPU = Release|Any CPU
	EndGlobalSection
	GlobalSection(ProjectConfigurationPlatforms) = postSolution
		{29FFC051-E8F8-4BB0-8497-860BA209F698}.Debug|Any CPU.ActiveCfg = Debug|Any CPU
		{29FFC051-E8F8-4BB0-8497-860BA209F698}.Debug|Any CPU.Build.0 = Debug|Any CPU
		{29FFC051-E8F8-4BB0-8497-860BA209F698}.Release|Any CPU.ActiveCfg = Release|Any CPU
		{29FFC051-E8F8-4BB0-8497-860BA209F698}.Release|Any CPU.Build.0 = Release|Any CPU
	EndGlobalSection
	GlobalSection(SolutionProperties) = preSolution
		HideSolutionNode = FALSE
	EndGlobalSection
	GlobalSection(ExtensibilityGlobals) = postSolution
		SolutionGuid = {9C9182B9-06C9-46AB-9464-3A5E5BF7484D}
	EndGlobalSection
EndGlobal
